
Microsoft Visual Studio Solution File, Format Version 12.00
# Visual Studio Version 17
VisualStudioVersion = 17.5.002.0
MinimumVisualStudioVersion = 10.0.40219.1
Project("{9A19103F-16F7-4668-BE54-9A1E7A4F7556}") = "Co_Banking_System", "Co_Banking_System\Co_Banking_System.csproj", "{9092C063-A91C-49BF-BE9D-3C6C7D6165FE}"
EndProject
Global
	GlobalSection(SolutionConfigurationPlatforms) = preSolution
		Debug|Any CPU = Debug|Any CPU
		Release|Any CPU = Release|Any CPU
	EndGlobalSection
	GlobalSection(ProjectConfigurationPlatforms) = postSolution
		{9092C063-A91C-49BF-BE9D-3C6C7D6165FE}.Debug|Any CPU.ActiveCfg = Debug|Any CPU
		{9092C063-A91C-49BF-BE9D-3C6C7D6165FE}.Debug|Any CPU.Build.0 = Debug|Any CPU
		{9092C063-A91C-49BF-BE9D-3C6C7D6165FE}.Release|Any CPU.ActiveCfg = Release|Any CPU
		{9092C063-A91C-49BF-BE9D-3C6C7D6165FE}.Release|Any CPU.Build.0 = Release|Any CPU
	EndGlobalSection
	GlobalSection(SolutionProperties) = preSolution
		HideSolutionNode = FALSE
	EndGlobalSection
	GlobalSection(ExtensibilityGlobals) = postSolution
		SolutionGuid = {43630B79-2EC0-47E8-B63A-12FC0C197793}
	EndGlobalSection
EndGlobal
